
Microsoft Visual Studio Solution File, Format Version 12.00
# Visual Studio 15
VisualStudioVersion = 15.0.28307.271
MinimumVisualStudioVersion = 10.0.40219.1
Project("{FAE04EC0-301F-11D3-BF4B-00C04F79EFBC}") = "LocaWeb.ListagemTweets.Domain", "LocaWeb.ListagemTweets.Domain\LocaWeb.ListagemTweets.Domain.csproj", "{54FCA134-4C02-4255-886C-8EDF7229ED5F}"
EndProject
Project("{FAE04EC0-301F-11D3-BF4B-00C04F79EFBC}") = "LocaWeb.ListagemTweets.Web", "LocaWeb.ListagemTweets.Web\LocaWeb.ListagemTweets.Web.csproj", "{C0A40F8E-488B-4D9D-8FF4-05E46C1F05BC}"
EndProject
Project("{FAE04EC0-301F-11D3-BF4B-00C04F79EFBC}") = "LocaWeb.ListagemTweets.Test", "LocaWeb.ListagemTweets.Test\LocaWeb.ListagemTweets.Test.csproj", "{C1D53DFD-0421-4755-A761-356A230CFC8D}"
EndProject
Global
	GlobalSection(SolutionConfigurationPlatforms) = preSolution
		Debug|Any CPU = Debug|Any CPU
		Release|Any CPU = Release|Any CPU
	EndGlobalSection
	GlobalSection(ProjectConfigurationPlatforms) = postSolution
		{54FCA134-4C02-4255-886C-8EDF7229ED5F}.Debug|Any CPU.ActiveCfg = Debug|Any CPU
		{54FCA134-4C02-4255-886C-8EDF7229ED5F}.Debug|Any CPU.Build.0 = Debug|Any CPU
		{54FCA134-4C02-4255-886C-8EDF7229ED5F}.Release|Any CPU.ActiveCfg = Release|Any CPU
		{54FCA134-4C02-4255-886C-8EDF7229ED5F}.Release|Any CPU.Build.0 = Release|Any CPU
		{C0A40F8E-488B-4D9D-8FF4-05E46C1F05BC}.Debug|Any CPU.ActiveCfg = Debug|Any CPU
		{C0A40F8E-488B-4D9D-8FF4-05E46C1F05BC}.Debug|Any CPU.Build.0 = Debug|Any CPU
		{C0A40F8E-488B-4D9D-8FF4-05E46C1F05BC}.Release|Any CPU.ActiveCfg = Release|Any CPU
		{C0A40F8E-488B-4D9D-8FF4-05E46C1F05BC}.Release|Any CPU.Build.0 = Release|Any CPU
		{C1D53DFD-0421-4755-A761-356A230CFC8D}.Debug|Any CPU.ActiveCfg = Debug|Any CPU
		{C1D53DFD-0421-4755-A761-356A230CFC8D}.Debug|Any CPU.Build.0 = Debug|Any CPU
		{C1D53DFD-0421-4755-A761-356A230CFC8D}.Release|Any CPU.ActiveCfg = Release|Any CPU
		{C1D53DFD-0421-4755-A761-356A230CFC8D}.Release|Any CPU.Build.0 = Release|Any CPU
	EndGlobalSection
	GlobalSection(SolutionProperties) = preSolution
		HideSolutionNode = FALSE
	EndGlobalSection
	GlobalSection(ExtensibilityGlobals) = postSolution
		SolutionGuid = {D0E117A3-A573-482E-A1DC-6FA72E73FA50}
	EndGlobalSection
EndGlobal
